{
  "name": "aio",
  "version": "1.0.0",
  "lockfileVersion": 1,
  "dependencies": {
    "@angular/core": {
      "version": "4.3.0",
      "resolved": "https://registry.npmjs.org/@angular/core/-/core-4.3.0.tgz",
      "integrity": "sha1-vSJJw94SJKfGU2xKunKNZWUykzQ="
    },
    "@batman/components": {
      "version": "file:..\\..\\build\\batman-components-1.0.0-alpha.2.tgz",
      "integrity": "sha1-xZkttthtFoN5bYIoIDzoiWVsybE="
    },
    "@batman/core": {
      "version": "file:..\\..\\build\\batman-core-1.0.0-alpha.2.tgz",
      "integrity": "sha1-SE/IADjKVWWIx1+Ti1lP+fwpOD0="
    },
    "tslib": {
      "version": "1.7.1",
      "resolved": "https://registry.npmjs.org/tslib/-/tslib-1.7.1.tgz",
      "integrity": "sha1-vIAEFkaRkjp5/oN4u+s9ogF1OOw="
    }
  }
}
