{
  "name": "angulario-demo-application",
  "version": "1.0.0",
  "lockfileVersion": 1,
  "dependencies": {
    "@angular/animations": {
      "version": "4.2.6",
      "resolved": "https://registry.npmjs.org/@angular/animations/-/animations-4.2.6.tgz",
      "integrity": "sha1-nZyAoRmwwDaTy9I7uvcosVMf/8c="
    },
    "@angular/common": {
      "version": "4.2.6",
      "resolved": "https://registry.npmjs.org/@angular/common/-/common-4.2.6.tgz",
      "integrity": "sha1-IQrOS9JON1+LQbpS/rNLGKiH1do="
    },
    "@angular/compiler": {
      "version": "4.2.6",
      "resolved": "https://registry.npmjs.org/@angular/compiler/-/compiler-4.2.6.tgz",
      "integrity": "sha1-ZndW1JXKDUXSBhJooQ1Sr4Ofr/Q="
    },
    "@angular/compiler-cli": {
      "version": "4.2.6",
      "resolved": "https://registry.npmjs.org/@angular/compiler-cli/-/compiler-cli-4.2.6.tgz",
      "integrity": "sha1-iiE1Ipnz69Hj8XWBBUFkVmyjBr4="
    },
    "@angular/core": {
      "version": "4.2.6",
      "resolved": "https://registry.npmjs.org/@angular/core/-/core-4.2.6.tgz",
      "integrity": "sha1-DByP8BV/B29KfAtyHKFCPxu+Fk4="
    },
    "@angular/forms": {
      "version": "4.2.6",
      "resolved": "https://registry.npmjs.org/@angular/forms/-/forms-4.2.6.tgz",
      "integrity": "sha1-nTI5lgjkYDu/GXQXqluU6ApGfrA="
    },
    "@angular/http": {
      "version": "4.2.6",
      "resolved": "https://registry.npmjs.org/@angular/http/-/http-4.2.6.tgz",
      "integrity": "sha1-SZ4roLvB89cbdt6+wDTJWMrxE04="
    },
    "@angular/platform-browser": {
      "version": "4.2.6",
      "resolved": "https://registry.npmjs.org/@angular/platform-browser/-/platform-browser-4.2.6.tgz",
      "integrity": "sha1-oTH/WSIl/mSWvKLJr/YSpNvd9Dc="
    },
    "@angular/platform-browser-dynamic": {
      "version": "4.2.6",
      "resolved": "https://registry.npmjs.org/@angular/platform-browser-dynamic/-/platform-browser-dynamic-4.2.6.tgz",
      "integrity": "sha1-TmyK0s1c/BeIBBf3fyo0E895HCY="
    },
    "@angular/platform-server": {
      "version": "4.2.6",
      "resolved": "https://registry.npmjs.org/@angular/platform-server/-/platform-server-4.2.6.tgz",
      "integrity": "sha1-ZuA/2FVIb+BY4j03hgYdkUYpmNs="
    },
    "@angular/router": {
      "version": "4.2.6",
      "resolved": "https://registry.npmjs.org/@angular/router/-/router-4.2.6.tgz",
      "integrity": "sha1-ppGdm2HEX/wV++5ZM5jj/VMtq0Y="
    },
    "@angular/tsc-wrapped": {
      "version": "4.2.6",
      "resolved": "https://registry.npmjs.org/@angular/tsc-wrapped/-/tsc-wrapped-4.2.6.tgz",
      "integrity": "sha1-YORLWzjzNA7hTFSlinoHEzxk6Jg="
    },
    "@angular/upgrade": {
      "version": "4.2.6",
      "resolved": "https://registry.npmjs.org/@angular/upgrade/-/upgrade-4.2.6.tgz",
      "integrity": "sha1-hLj/frGYGre0tH93r1t/nzbwHCU="
    },
    "@batman/aio": {
      "version": "file:..\\..\\build\\batman-aio-1.0.0-alpha.2.tgz",
      "integrity": "sha1-4+t0C4VTHm19RNHCK8GSRiKm2GM="
    },
    "@batman/components": {
      "version": "file:..\\..\\build\\batman-components-1.0.0-alpha.2.tgz",
      "integrity": "sha1-FPqdRwU/VKRAhcKxc8VucnU3OvY="
    },
    "@batman/core": {
      "version": "file:..\\..\\build\\batman-core-1.0.0-alpha.2.tgz",
      "integrity": "sha1-ik1kTgIRkwvOmlqZklvVAW6GP4E="
    },
    "@types/angular": {
      "version": "1.6.28",
      "resolved": "https://registry.npmjs.org/@types/angular/-/angular-1.6.28.tgz",
      "integrity": "sha512-nggmqD2AL83axal/j9zbefA0cN8T7mcYfuLBZ9EQColQr2U6GYY7EfBVwMCV401GQovxG6HDyOIfrYRAooLu2w==",
      "dev": true
    },
    "@types/angular-animate": {
      "version": "1.5.8",
      "resolved": "https://registry.npmjs.org/@types/angular-animate/-/angular-animate-1.5.8.tgz",
      "integrity": "sha512-/mQGD7bzB6GiN4v6c1PAKH4NbQLTRFUNb5CSUhZ/mzuQ857xLE7jEV4OhbtxG0FuWvRVtk6c5F8lEte2AVevKw==",
      "dev": true
    },
    "@types/angular-cookies": {
      "version": "1.4.4",
      "resolved": "https://registry.npmjs.org/@types/angular-cookies/-/angular-cookies-1.4.4.tgz",
      "integrity": "sha512-0Y9dZvDfmhcjNrMUVf2uMHN9HyMjqdVIkxHFXrT7DuG72JA+71Jo5ZaehxpAMDNn5YMb5X2IBYsTSIQHzCQ9Hw==",
      "dev": true
    },
    "@types/angular-mocks": {
      "version": "1.5.10",
      "resolved": "https://registry.npmjs.org/@types/angular-mocks/-/angular-mocks-1.5.10.tgz",
      "integrity": "sha512-WIqgN3WbAa4zECHaORmg/lmiybFmuneP1CeZsS1sUpzcRPkC8QSecAOlk012JMTlJDpuGK8B8cYjsZsvlPaX6Q==",
      "dev": true
    },
    "@types/angular-resource": {
      "version": "1.5.12",
      "resolved": "https://registry.npmjs.org/@types/angular-resource/-/angular-resource-1.5.12.tgz",
      "integrity": "sha512-yUZ7JZTux6RkAd7zedsMYOxI4fg+dKR7Bbs56XKmk81yOQ1/nwO74V8T8OscWvb17lg3LjFzU1L5VrZvpDtL5g==",
      "dev": true
    },
    "@types/angular-route": {
      "version": "1.3.4",
      "resolved": "https://registry.npmjs.org/@types/angular-route/-/angular-route-1.3.4.tgz",
      "integrity": "sha512-92OQR2FmH4whfVfvCZmZYkih8zKlRBXgsgs39dUv3YlVsjRgjByweMFA8N2Qh9zpDul5gQCFvQCajGrYqxyn4A==",
      "dev": true
    },
    "@types/angular-sanitize": {
      "version": "1.3.5",
      "resolved": "https://registry.npmjs.org/@types/angular-sanitize/-/angular-sanitize-1.3.5.tgz",
      "integrity": "sha512-VOKj2NWYPHi70AZCpZu8tiHOM984I9rsFIY1M3adFSiUV4GmmT4VHKCmnVyUW22OFL8/Yet1FHWHw0j+QMxRKQ==",
      "dev": true
    },
    "@types/jasmine": {
      "version": "2.5.36",
      "resolved": "https://registry.npmjs.org/@types/jasmine/-/jasmine-2.5.36.tgz",
      "integrity": "sha1-bYBLeaV+k4DXZqJoDpNiwX2VVtI=",
      "dev": true
    },
    "@types/node": {
      "version": "6.0.85",
      "resolved": "https://registry.npmjs.org/@types/node/-/node-6.0.85.tgz",
      "integrity": "sha512-6qLZpfQFO/g5Ns2e7RsW6brk0Q6Xzwiw7kVVU/XiQNOiJXSojhX76GP457PBYIsNMH2WfcGgcnZB4awFDHrwpA=="
    },
    "angular-in-memory-web-api": {
      "version": "0.3.2",
      "resolved": "https://registry.npmjs.org/angular-in-memory-web-api/-/angular-in-memory-web-api-0.3.2.tgz",
      "integrity": "sha1-iDbZ4lNNN7co88taHK9v4ef7vs0="
    },
    "core-js": {
      "version": "2.5.0",
      "resolved": "https://registry.npmjs.org/core-js/-/core-js-2.5.0.tgz",
      "integrity": "sha1-VpwFCRi+ZIazg3VSAorgRmtxcIY="
    },
    "minimist": {
      "version": "1.2.0",
      "resolved": "https://registry.npmjs.org/minimist/-/minimist-1.2.0.tgz",
      "integrity": "sha1-o1AIsg9BOD7sH7kU9M1d95omQoQ="
    },
    "mkdirp": {
      "version": "0.5.1",
      "resolved": "https://registry.npmjs.org/mkdirp/-/mkdirp-0.5.1.tgz",
      "integrity": "sha1-MAV0OOrGz3+MR2fzhkjWaX11yQM=",
      "dependencies": {
        "minimist": {
          "version": "0.0.8",
          "resolved": "https://registry.npmjs.org/minimist/-/minimist-0.0.8.tgz",
          "integrity": "sha1-hX/Kv8M5fSYluCKCYuhqp6ARsF0="
        }
      }
    },
    "parse5": {
      "version": "3.0.2",
      "resolved": "https://registry.npmjs.org/parse5/-/parse5-3.0.2.tgz",
      "integrity": "sha1-Be/1fw70V3+xRKefi5qWemzERRA="
    },
    "reflect-metadata": {
      "version": "0.1.10",
      "resolved": "https://registry.npmjs.org/reflect-metadata/-/reflect-metadata-0.1.10.tgz",
      "integrity": "sha1-tPg3BEFqytiZiMmxVjXUfgO5NEo="
    },
    "rxjs": {
      "version": "5.4.2",
      "resolved": "https://registry.npmjs.org/rxjs/-/rxjs-5.4.2.tgz",
      "integrity": "sha1-KjI2/L8D31e64G/Wly/ZnlwI/Pc="
    },
    "source-map": {
      "version": "0.5.6",
      "resolved": "https://registry.npmjs.org/source-map/-/source-map-0.5.6.tgz",
      "integrity": "sha1-dc449SvwczxafwwRjYEzSiu19BI="
    },
    "source-map-support": {
      "version": "0.4.15",
      "resolved": "https://registry.npmjs.org/source-map-support/-/source-map-support-0.4.15.tgz",
      "integrity": "sha1-AyAt9lwG0r2MfsI2KhkwVv7407E="
    },
    "symbol-observable": {
      "version": "1.0.4",
      "resolved": "https://registry.npmjs.org/symbol-observable/-/symbol-observable-1.0.4.tgz",
      "integrity": "sha1-Kb9hXUqnEhvdiYsi1LP5vE4qoD0="
    },
    "systemjs": {
      "version": "0.19.39",
      "resolved": "https://registry.npmjs.org/systemjs/-/systemjs-0.19.39.tgz",
      "integrity": "sha1-5RPm+Rolo3uLYHxRx5ie4NZ7k1Y="
    },
    "tsickle": {
      "version": "0.21.6",
      "resolved": "https://registry.npmjs.org/tsickle/-/tsickle-0.21.6.tgz",
      "integrity": "sha1-U7Abl5xcE/2xOvs/uVgXflmRWI0="
    },
    "tslib": {
      "version": "1.7.1",
      "resolved": "https://registry.npmjs.org/tslib/-/tslib-1.7.1.tgz",
      "integrity": "sha1-vIAEFkaRkjp5/oN4u+s9ogF1OOw="
    },
    "when": {
      "version": "3.7.8",
      "resolved": "https://registry.npmjs.org/when/-/when-3.7.8.tgz",
      "integrity": "sha1-xxMLan6gRpPoQs3J56Hyqjmjn4I="
    },
    "xhr2": {
      "version": "0.1.4",
      "resolved": "https://registry.npmjs.org/xhr2/-/xhr2-0.1.4.tgz",
      "integrity": "sha1-f4dliEdxbbUCYyOBL4GMras4el8="
    },
    "zone.js": {
      "version": "0.8.16",
      "resolved": "https://registry.npmjs.org/zone.js/-/zone.js-0.8.16.tgz",
      "integrity": "sha1-rDG2xBj4jA+Ritas2KQCrKkxOrs="
    }
  }
}
