{
  "name": "angularjs-demo-application",
  "version": "1.0.0",
  "lockfileVersion": 1,
  "dependencies": {
    "@batman/ajs": {
      "version": "file:..\\..\\build\\batman-ajs-1.0.0-alpha.2.tgz",
      "integrity": "sha1-G06ocRvG3ExoCt1x0r7dgCpKJg8="
    },
    "@batman/components": {
      "version": "file:..\\..\\build\\batman-components-1.0.0-alpha.2.tgz",
      "integrity": "sha1-etyLQYoKSDgKvB1BZU0HSj8N4qo="
    },
    "@batman/components-es5": {
      "version": "file:..\\..\\build\\batman-components-es5-1.0.0-alpha.2.tgz",
      "integrity": "sha1-CwjXJh1ZlmQTRRqawrTOjpK3blw="
    },
    "@batman/core": {
      "version": "file:..\\..\\build\\batman-core-1.0.0-alpha.2.tgz",
      "integrity": "sha1-ds/cnxMmngF4e6bG9wxLJJ2sQI8="
    },
    "@batman/core-es5": {
      "version": "file:..\\..\\build\\batman-core-es5-1.0.0-alpha.2.tgz",
      "integrity": "sha1-KUgJzlrRxBXcRfM1WN+qo4s385Y="
    },
    "@batman/es5": {
      "version": "file:..\\..\\build\\batman-es5-1.0.0-alpha.2.tgz",
      "integrity": "sha1-dEzMyqmVrsvUnQXGII7RahhVGSk="
    },
    "@batman/es5-components": {
      "version": "file:..\\..\\build\\batman-es5-components-1.0.0-alpha.2.tgz",
      "integrity": "sha1-NBiffFT+lDw5R5HCogu5FiRTddY="
    },
    "@uirouter/angularjs": {
      "version": "1.0.5",
      "resolved": "https://registry.npmjs.org/@uirouter/angularjs/-/angularjs-1.0.5.tgz",
      "integrity": "sha512-VXNgZxBSfgntz9XsxbB0vkzkUQGUYJnF3S7clVtD4YCzRJnRNWywyYjx7zP2JJc6yBMLYmi8fjSUsQZp39uosg=="
    },
    "@uirouter/core": {
      "version": "5.0.5",
      "resolved": "https://registry.npmjs.org/@uirouter/core/-/core-5.0.5.tgz",
      "integrity": "sha512-z7zOXZKEFOloIeSMtsDpudWWfXd7L2qmhyxOAve4ZGFYwBn98zYBd2R4CIlPWMpcm4ZwfhIMTVUxCDgSSXrPKw=="
    },
    "angular": {
      "version": "1.6.5",
      "resolved": "https://registry.npmjs.org/angular/-/angular-1.6.5.tgz",
      "integrity": "sha1-N/eI7r7Fzi4/oCsXu8sqIxV2oNY="
    }
  }
}
